
Microsoft Visual Studio Solution File, Format Version 12.00
# Visual Studio Version 16
VisualStudioVersion = 16.0.31402.337
MinimumVisualStudioVersion = 10.0.40219.1
Project("{9A19103F-16F7-4668-BE54-9A1E7A4F7556}") = "AmbientLightForPC.Library", "AmbientLightForPC.Library\AmbientLightForPC.Library.csproj", "{94491547-CE67-4FCB-B7F4-0F4670D0C0E3}"
EndProject
Project("{9A19103F-16F7-4668-BE54-9A1E7A4F7556}") = "AmbientLightForPC.Plugin", "AmbientLightForPC.Plugin\AmbientLightForPC.Plugin.csproj", "{1D85DB6B-2E6C-4004-86BD-24ED7DBBB86C}"
EndProject
Project("{9A19103F-16F7-4668-BE54-9A1E7A4F7556}") = "AmbientLightForPC.ConsoleApp", "AmbientLightForPC.ConsoleApp\AmbientLightForPC.ConsoleApp.csproj", "{28F845C1-1CDF-4B1B-88BD-A737314A2BCB}"
EndProject
Project("{FAE04EC0-301F-11D3-BF4B-00C04F79EFBC}") = "AmbientLightForPC.Desktop", "AmbientLightForPC.Desktop\AmbientLightForPC.Desktop.csproj", "{46AF389D-CD0D-4954-A94F-C7A190F59958}"
EndProject
Global
	GlobalSection(SolutionConfigurationPlatforms) = preSolution
		Debug|Any CPU = Debug|Any CPU
		Release|Any CPU = Release|Any CPU
	EndGlobalSection
	GlobalSection(ProjectConfigurationPlatforms) = postSolution
		{94491547-CE67-4FCB-B7F4-0F4670D0C0E3}.Debug|Any CPU.ActiveCfg = Debug|Any CPU
		{94491547-CE67-4FCB-B7F4-0F4670D0C0E3}.Debug|Any CPU.Build.0 = Debug|Any CPU
		{94491547-CE67-4FCB-B7F4-0F4670D0C0E3}.Release|Any CPU.ActiveCfg = Release|Any CPU
		{94491547-CE67-4FCB-B7F4-0F4670D0C0E3}.Release|Any CPU.Build.0 = Release|Any CPU
		{1D85DB6B-2E6C-4004-86BD-24ED7DBBB86C}.Debug|Any CPU.ActiveCfg = Debug|Any CPU
		{1D85DB6B-2E6C-4004-86BD-24ED7DBBB86C}.Debug|Any CPU.Build.0 = Debug|Any CPU
		{1D85DB6B-2E6C-4004-86BD-24ED7DBBB86C}.Release|Any CPU.ActiveCfg = Release|Any CPU
		{1D85DB6B-2E6C-4004-86BD-24ED7DBBB86C}.Release|Any CPU.Build.0 = Release|Any CPU
		{28F845C1-1CDF-4B1B-88BD-A737314A2BCB}.Debug|Any CPU.ActiveCfg = Debug|Any CPU
		{28F845C1-1CDF-4B1B-88BD-A737314A2BCB}.Debug|Any CPU.Build.0 = Debug|Any CPU
		{28F845C1-1CDF-4B1B-88BD-A737314A2BCB}.Release|Any CPU.ActiveCfg = Release|Any CPU
		{28F845C1-1CDF-4B1B-88BD-A737314A2BCB}.Release|Any CPU.Build.0 = Release|Any CPU
		{46AF389D-CD0D-4954-A94F-C7A190F59958}.Debug|Any CPU.ActiveCfg = Debug|Any CPU
		{46AF389D-CD0D-4954-A94F-C7A190F59958}.Debug|Any CPU.Build.0 = Debug|Any CPU
		{46AF389D-CD0D-4954-A94F-C7A190F59958}.Release|Any CPU.ActiveCfg = Release|Any CPU
		{46AF389D-CD0D-4954-A94F-C7A190F59958}.Release|Any CPU.Build.0 = Release|Any CPU
	EndGlobalSection
	GlobalSection(SolutionProperties) = preSolution
		HideSolutionNode = FALSE
	EndGlobalSection
	GlobalSection(ExtensibilityGlobals) = postSolution
		SolutionGuid = {7839F89D-145B-4213-9734-FF0176610B5E}
	EndGlobalSection
EndGlobal
